<?xml version="1.0" encoding="utf-8"?>
<Project ToolsVersion="4.0" xmlns="http://schemas.microsoft.com/developer/msbuild/2003">
  <ItemGroup>
    <Filter Include="Header Files">
      <UniqueIdentifier>{21EB8090-0D4E-1035-B6D3-48EBA215DCB7}</UniqueIdentifier>
    </Filter>
    <Filter Include="Source Files">
      <UniqueIdentifier>{E9C7FDCE-D52A-8D73-7EB0-C5296AF258F6}</UniqueIdentifier>
    </Filter>
    <Filter Include="Extra Files">
      <UniqueIdentifier>{85ffe47a-0f98-4db6-8225-48598cd78daa}</UniqueIdentifier>
    </Filter>
    <Filter Include="Resource Files">
      <UniqueIdentifier>{8c613be4-4271-495c-aab0-168eead946b8}</UniqueIdentifier>
    </Filter>
    <Filter Include="lib">
      <UniqueIdentifier>{278db5d5-1215-4cc6-96c1-2db29510a29a}</UniqueIdentifier>
    </Filter>
    <Filter Include="lib\main">
      <UniqueIdentifier>{11087a34-d626-4bbf-bdc7-1e6de8883e04}</UniqueIdentifier>
    </Filter>
    <Filter Include="lib\components">
      <UniqueIdentifier>{2f799d92-0b48-4571-86dd-69b82854a5a0}</UniqueIdentifier>
    </Filter>
  </ItemGroup>
  <ItemGroup>
    <ClCompile Include="main.cpp">
      <Filter>Source Files</Filter>
    </ClCompile>
    <ClCompile Include="lib\main\events.cpp">
      <Filter>lib\main</Filter>
    </ClCompile>
    <ClCompile Include="lib\main\input.cpp">
      <Filter>lib\main</Filter>
    </ClCompile>
  </ItemGroup>
  <ItemGroup>
    <ClInclude Include="resource.h">
      <Filter>Resource Files</Filter>
    </ClInclude>
    <ClInclude Include="lib\mkvlib.hpp">
      <Filter>lib</Filter>
    </ClInclude>
    <ClInclude Include="lib\main\Cache.hpp">
      <Filter>lib\main</Filter>
    </ClInclude>
    <ClInclude Include="lib\main\Config.hpp">
      <Filter>lib\main</Filter>
    </ClInclude>
    <ClInclude Include="lib\main\stages.hpp">
      <Filter>lib\main</Filter>
    </ClInclude>
    <ClInclude Include="lib\components\Key.hpp">
      <Filter>lib\components</Filter>
    </ClInclude>
    <ClInclude Include="lib\main\typedefs.hpp">
      <Filter>lib\main</Filter>
    </ClInclude>
    <ClInclude Include="lib\main\utility.hpp">
      <Filter>lib\main</Filter>
    </ClInclude>
    <ClInclude Include="lib\json.hpp">
      <Filter>lib</Filter>
    </ClInclude>
    <ClInclude Include="lib\main\events.hpp">
      <Filter>lib\main</Filter>
    </ClInclude>
    <ClInclude Include="lib\main\input.hpp">
      <Filter>lib\main</Filter>
    </ClInclude>
    <ClInclude Include="lib\components\Stage.hpp">
      <Filter>lib\components</Filter>
    </ClInclude>
    <ClInclude Include="lib\components\Character.hpp">
      <Filter>lib\components</Filter>
    </ClInclude>
  </ItemGroup>
  <ItemGroup>
    <None Include="config-schema.json">
      <Filter>Extra Files</Filter>
    </None>
    <None Include="..\nts-stuff.md">
      <Filter>Extra Files</Filter>
    </None>
    <None Include="..\README.md">
      <Filter>Extra Files</Filter>
    </None>
    <None Include="..\.gitignore">
      <Filter>Extra Files</Filter>
    </None>
    <None Include="userdata\config.json">
      <Filter>Extra Files</Filter>
    </None>
  </ItemGroup>
  <ItemGroup>
    <Image Include="maniakv.ico">
      <Filter>Resource Files</Filter>
    </Image>
  </ItemGroup>
  <ItemGroup>
    <ResourceCompile Include="ManiaKV.rc">
      <Filter>Resource Files</Filter>
    </ResourceCompile>
  </ItemGroup>
</Project>