<?xml version="1.0" encoding="utf-8"?>
<Project ToolsVersion="4.0" xmlns="http://schemas.microsoft.com/developer/msbuild/2003">
  <ItemGroup>
    <Filter Include="Header Files">
      <UniqueIdentifier>{21EB8090-0D4E-1035-B6D3-48EBA215DCB7}</UniqueIdentifier>
    </Filter>
    <Filter Include="Source Files">
      <UniqueIdentifier>{E9C7FDCE-D52A-8D73-7EB0-C5296AF258F6}</UniqueIdentifier>
    </Filter>
    <Filter Include="Extra Files">
      <UniqueIdentifier>{85ffe47a-0f98-4db6-8225-48598cd78daa}</UniqueIdentifier>
    </Filter>
    <Filter Include="Resource Files">
      <UniqueIdentifier>{8c613be4-4271-495c-aab0-168eead946b8}</UniqueIdentifier>
    </Filter>
    <Filter Include="lib">
      <UniqueIdentifier>{278db5d5-1215-4cc6-96c1-2db29510a29a}</UniqueIdentifier>
    </Filter>
    <Filter Include="lib\mkv">
      <UniqueIdentifier>{11087a34-d626-4bbf-bdc7-1e6de8883e04}</UniqueIdentifier>
    </Filter>
  </ItemGroup>
  <ItemGroup>
    <ClCompile Include="main.cpp">
      <Filter>Source Files</Filter>
    </ClCompile>
    <ClCompile Include="lib\oppai.c">
      <Filter>lib</Filter>
    </ClCompile>
    <ClCompile Include="lib\mkv\args.cpp">
      <Filter>lib\mkv</Filter>
    </ClCompile>
    <ClCompile Include="lib\mkv\character.cpp">
      <Filter>lib\mkv</Filter>
    </ClCompile>
    <ClCompile Include="lib\mkv\config.cpp">
      <Filter>lib\mkv</Filter>
    </ClCompile>
    <ClCompile Include="lib\mkv\console.cpp">
      <Filter>lib\mkv</Filter>
    </ClCompile>
    <ClCompile Include="lib\mkv\dialogue.cpp">
      <Filter>lib\mkv</Filter>
    </ClCompile>
    <ClCompile Include="lib\mkv\events.cpp">
      <Filter>lib\mkv</Filter>
    </ClCompile>
    <ClCompile Include="lib\mkv\http.cpp">
      <Filter>lib\mkv</Filter>
    </ClCompile>
    <ClCompile Include="lib\mkv\input.cpp">
      <Filter>lib\mkv</Filter>
    </ClCompile>
    <ClCompile Include="lib\mkv\renderer.cpp">
      <Filter>lib\mkv</Filter>
    </ClCompile>
    <ClCompile Include="lib\mkv\stage.cpp">
      <Filter>lib\mkv</Filter>
    </ClCompile>
    <ClCompile Include="lib\mkv\states.cpp">
      <Filter>lib\mkv</Filter>
    </ClCompile>
    <ClCompile Include="lib\mkv\utility.cpp">
      <Filter>lib\mkv</Filter>
    </ClCompile>
    <ClCompile Include="lib\mkv\winutil.cpp">
      <Filter>lib\mkv</Filter>
    </ClCompile>
    <ClCompile Include="lib\mkv\error.cpp">
      <Filter>lib\mkv</Filter>
    </ClCompile>
  </ItemGroup>
  <ItemGroup>
    <ClInclude Include="resource.h">
      <Filter>Resource Files</Filter>
    </ClInclude>
    <ClInclude Include="lib\mkvlib.hpp">
      <Filter>lib</Filter>
    </ClInclude>
    <ClInclude Include="lib\json.hpp">
      <Filter>lib</Filter>
    </ClInclude>
    <ClInclude Include="lib\httplib.h">
      <Filter>lib</Filter>
    </ClInclude>
    <ClInclude Include="lib\raygui.h">
      <Filter>lib</Filter>
    </ClInclude>
    <ClInclude Include="lib\raylib.h">
      <Filter>lib</Filter>
    </ClInclude>
    <ClInclude Include="lib\raymath.h">
      <Filter>lib</Filter>
    </ClInclude>
    <ClInclude Include="lib\rlgl.h">
      <Filter>lib</Filter>
    </ClInclude>
    <ClInclude Include="scenes.hpp">
      <Filter>Source Files</Filter>
    </ClInclude>
    <ClInclude Include="lib\uniraylib.hpp">
      <Filter>lib</Filter>
    </ClInclude>
    <ClInclude Include="overlays.hpp">
      <Filter>Source Files</Filter>
    </ClInclude>
    <ClInclude Include="lib\mkv\config.hpp">
      <Filter>lib\mkv</Filter>
    </ClInclude>
    <ClInclude Include="lib\mkv\console.hpp">
      <Filter>lib\mkv</Filter>
    </ClInclude>
    <ClInclude Include="lib\mkv\defs.hpp">
      <Filter>lib\mkv</Filter>
    </ClInclude>
    <ClInclude Include="lib\mkv\dialogue.hpp">
      <Filter>lib\mkv</Filter>
    </ClInclude>
    <ClInclude Include="lib\mkv\events.hpp">
      <Filter>lib\mkv</Filter>
    </ClInclude>
    <ClInclude Include="lib\mkv\http.hpp">
      <Filter>lib\mkv</Filter>
    </ClInclude>
    <ClInclude Include="lib\mkv\input.hpp">
      <Filter>lib\mkv</Filter>
    </ClInclude>
    <ClInclude Include="lib\mkv\key.hpp">
      <Filter>lib\mkv</Filter>
    </ClInclude>
    <ClInclude Include="lib\mkv\stage.hpp">
      <Filter>lib\mkv</Filter>
    </ClInclude>
    <ClInclude Include="lib\mkv\renderer.hpp">
      <Filter>lib\mkv</Filter>
    </ClInclude>
    <ClInclude Include="lib\mkv\states.hpp">
      <Filter>lib\mkv</Filter>
    </ClInclude>
    <ClInclude Include="lib\mkv\utility.hpp">
      <Filter>lib\mkv</Filter>
    </ClInclude>
    <ClInclude Include="lib\mkv\winutil.hpp">
      <Filter>lib\mkv</Filter>
    </ClInclude>
    <ClInclude Include="lib\mkv\args.hpp">
      <Filter>lib\mkv</Filter>
    </ClInclude>
    <ClInclude Include="lib\mkv\character.hpp">
      <Filter>lib\mkv</Filter>
    </ClInclude>
    <ClInclude Include="lib\mkv\error.hpp">
      <Filter>lib\mkv</Filter>
    </ClInclude>
  </ItemGroup>
  <ItemGroup>
    <None Include="config-schema.json">
      <Filter>Extra Files</Filter>
    </None>
    <None Include="..\nts-stuff.md">
      <Filter>Extra Files</Filter>
    </None>
    <None Include="..\README.md">
      <Filter>Extra Files</Filter>
    </None>
    <None Include="..\.gitignore">
      <Filter>Extra Files</Filter>
    </None>
    <None Include="userdata\config.json">
      <Filter>Extra Files</Filter>
    </None>
  </ItemGroup>
  <ItemGroup>
    <Image Include="maniakv.ico">
      <Filter>Resource Files</Filter>
    </Image>
  </ItemGroup>
  <ItemGroup>
    <ResourceCompile Include="ManiaKV.rc">
      <Filter>Resource Files</Filter>
    </ResourceCompile>
  </ItemGroup>
  <ItemGroup>
    <Text Include="lib\mkv\renderer.txt">
      <Filter>lib\mkv</Filter>
    </Text>
  </ItemGroup>
</Project>