<?xml version="1.0" encoding="utf-8"?>
<Project ToolsVersion="4.0" xmlns="http://schemas.microsoft.com/developer/msbuild/2003">
  <ItemGroup>
    <Filter Include="Header Files">
      <UniqueIdentifier>{21EB8090-0D4E-1035-B6D3-48EBA215DCB7}</UniqueIdentifier>
    </Filter>
    <Filter Include="Source Files">
      <UniqueIdentifier>{E9C7FDCE-D52A-8D73-7EB0-C5296AF258F6}</UniqueIdentifier>
    </Filter>
    <Filter Include="Extra Files">
      <UniqueIdentifier>{85ffe47a-0f98-4db6-8225-48598cd78daa}</UniqueIdentifier>
    </Filter>
    <Filter Include="Header Files\Classes">
      <UniqueIdentifier>{46e81802-914c-4a0a-8ba5-47d8723e10b5}</UniqueIdentifier>
    </Filter>
    <Filter Include="Resource Files">
      <UniqueIdentifier>{8c613be4-4271-495c-aab0-168eead946b8}</UniqueIdentifier>
    </Filter>
  </ItemGroup>
  <ItemGroup>
    <ClCompile Include="main.cpp">
      <Filter>Source Files</Filter>
    </ClCompile>
    <ClCompile Include="input.cpp">
      <Filter>Source Files</Filter>
    </ClCompile>
  </ItemGroup>
  <ItemGroup>
    <ClInclude Include="json.hpp">
      <Filter>Header Files</Filter>
    </ClInclude>
    <ClInclude Include="typedefs.hpp">
      <Filter>Header Files</Filter>
    </ClInclude>
    <ClInclude Include="Config.hpp">
      <Filter>Header Files\Classes</Filter>
    </ClInclude>
    <ClInclude Include="Character.hpp">
      <Filter>Header Files\Classes</Filter>
    </ClInclude>
    <ClInclude Include="input.hpp">
      <Filter>Header Files</Filter>
    </ClInclude>
    <ClInclude Include="Stage.hpp">
      <Filter>Header Files\Classes</Filter>
    </ClInclude>
    <ClInclude Include="StageHandler.hpp">
      <Filter>Header Files\Classes</Filter>
    </ClInclude>
    <ClInclude Include="Key.hpp">
      <Filter>Header Files\Classes</Filter>
    </ClInclude>
    <ClInclude Include="utility.hpp">
      <Filter>Header Files</Filter>
    </ClInclude>
    <ClInclude Include="resource.h">
      <Filter>Resource Files</Filter>
    </ClInclude>
    <ClInclude Include="Cache.hpp">
      <Filter>Header Files\Classes</Filter>
    </ClInclude>
  </ItemGroup>
  <ItemGroup>
    <None Include="config-schema.json">
      <Filter>Extra Files</Filter>
    </None>
    <None Include="..\nts-stuff.md">
      <Filter>Extra Files</Filter>
    </None>
    <None Include="..\README.md">
      <Filter>Extra Files</Filter>
    </None>
    <None Include="..\.gitignore">
      <Filter>Extra Files</Filter>
    </None>
    <None Include="userdata\config.json">
      <Filter>Extra Files</Filter>
    </None>
  </ItemGroup>
  <ItemGroup>
    <Image Include="maniakv.ico">
      <Filter>Resource Files</Filter>
    </Image>
  </ItemGroup>
  <ItemGroup>
    <ResourceCompile Include="ManiaKV.rc">
      <Filter>Resource Files</Filter>
    </ResourceCompile>
  </ItemGroup>
</Project>